
Microsoft Visual Studio Solution File, Format Version 12.00
# Visual Studio Version 17
VisualStudioVersion = 17.5.33516.290
MinimumVisualStudioVersion = 10.0.40219.1
Project("{FAE04EC0-301F-11D3-BF4B-00C04F79EFBC}") = "TicTacToe.StartUp", "TicTacToe\TicTacToe.StartUp.csproj", "{0FA7AF14-4A3F-4BB1-A73F-236FB28D84E7}"
EndProject
Project("{FAE04EC0-301F-11D3-BF4B-00C04F79EFBC}") = "TicTacToe.Cui", "TicTacToe.Cui\TicTacToe.Cui.csproj", "{6A0CFA57-EEA6-41AD-B27F-A5750BA00D93}"
EndProject
Project("{FAE04EC0-301F-11D3-BF4B-00C04F79EFBC}") = "TicTacToe.Domain", "TicTacToe.Domain\TicTacToe.Domain.csproj", "{4053EE7C-D97D-4282-920B-F6009FDC63C7}"
EndProject
Global
	GlobalSection(SolutionConfigurationPlatforms) = preSolution
		Debug|Any CPU = Debug|Any CPU
		Release|Any CPU = Release|Any CPU
	EndGlobalSection
	GlobalSection(ProjectConfigurationPlatforms) = postSolution
		{0FA7AF14-4A3F-4BB1-A73F-236FB28D84E7}.Debug|Any CPU.ActiveCfg = Debug|Any CPU
		{0FA7AF14-4A3F-4BB1-A73F-236FB28D84E7}.Debug|Any CPU.Build.0 = Debug|Any CPU
		{0FA7AF14-4A3F-4BB1-A73F-236FB28D84E7}.Release|Any CPU.ActiveCfg = Release|Any CPU
		{0FA7AF14-4A3F-4BB1-A73F-236FB28D84E7}.Release|Any CPU.Build.0 = Release|Any CPU
		{6A0CFA57-EEA6-41AD-B27F-A5750BA00D93}.Debug|Any CPU.ActiveCfg = Debug|Any CPU
		{6A0CFA57-EEA6-41AD-B27F-A5750BA00D93}.Debug|Any CPU.Build.0 = Debug|Any CPU
		{6A0CFA57-EEA6-41AD-B27F-A5750BA00D93}.Release|Any CPU.ActiveCfg = Release|Any CPU
		{6A0CFA57-EEA6-41AD-B27F-A5750BA00D93}.Release|Any CPU.Build.0 = Release|Any CPU
		{4053EE7C-D97D-4282-920B-F6009FDC63C7}.Debug|Any CPU.ActiveCfg = Debug|Any CPU
		{4053EE7C-D97D-4282-920B-F6009FDC63C7}.Debug|Any CPU.Build.0 = Debug|Any CPU
		{4053EE7C-D97D-4282-920B-F6009FDC63C7}.Release|Any CPU.ActiveCfg = Release|Any CPU
		{4053EE7C-D97D-4282-920B-F6009FDC63C7}.Release|Any CPU.Build.0 = Release|Any CPU
	EndGlobalSection
	GlobalSection(SolutionProperties) = preSolution
		HideSolutionNode = FALSE
	EndGlobalSection
	GlobalSection(ExtensibilityGlobals) = postSolution
		SolutionGuid = {D10EED6A-4552-4D6C-AB1F-F59D87587834}
	EndGlobalSection
EndGlobal
